// !$*UTF8*$!
{
	archiveVersion = 1;
	classes = {
	};
	objectVersion = 46;
	objects = {

/* Begin PBXBuildFile section */
		1B203EBC1C0758D500219E87 /* Lake.m in Sources */ = {isa = PBXBuildFile; fileRef = 1B203EBB1C0758D500219E87 /* Lake.m */; };
		1B203EBF1C0758E200219E87 /* World.m in Sources */ = {isa = PBXBuildFile; fileRef = 1B203EBE1C0758E200219E87 /* World.m */; };
		1B203EC31C07594600219E87 /* Farmer.m in Sources */ = {isa = PBXBuildFile; fileRef = 1B203EC21C07594600219E87 /* Farmer.m */; };
		1B203EC61C07595800219E87 /* Robot.m in Sources */ = {isa = PBXBuildFile; fileRef = 1B203EC51C07595800219E87 /* Robot.m */; };
		1B203EC91C0760EB00219E87 /* FoodPackage.m in Sources */ = {isa = PBXBuildFile; fileRef = 1B203EC81C0760EB00219E87 /* FoodPackage.m */; };
		1B460D8B1C0606E0002251C9 /* Fish.m in Sources */ = {isa = PBXBuildFile; fileRef = 1B460D8A1C0606E0002251C9 /* Fish.m */; };
		1B657C3B1C05E78D00C1A64B /* main.m in Sources */ = {isa = PBXBuildFile; fileRef = 1B657C3A1C05E78D00C1A64B /* main.m */; };
		1B657C3E1C05E78D00C1A64B /* AppDelegate.m in Sources */ = {isa = PBXBuildFile; fileRef = 1B657C3D1C05E78D00C1A64B /* AppDelegate.m */; };
		1B657C461C05E78E00C1A64B /* Assets.xcassets in Resources */ = {isa = PBXBuildFile; fileRef = 1B657C451C05E78E00C1A64B /* Assets.xcassets */; };
		1B657C491C05E78E00C1A64B /* LaunchScreen.storyboard in Resources */ = {isa = PBXBuildFile; fileRef = 1B657C471C05E78E00C1A64B /* LaunchScreen.storyboard */; };
		1B657C511C05E8B000C1A64B /* .gitignore in Resources */ = {isa = PBXBuildFile; fileRef = 1B657C501C05E8B000C1A64B /* .gitignore */; };
		1B657C5D1C06000000C1A64B /* FishSpecies.m in Sources */ = {isa = PBXBuildFile; fileRef = 1B657C5C1C06000000C1A64B /* FishSpecies.m */; };
		1B671B1A1C099B0300E009B8 /* WorldViewController.m in Sources */ = {isa = PBXBuildFile; fileRef = 1B671B191C099B0300E009B8 /* WorldViewController.m */; };
		1B671B251C09FF1B00E009B8 /* FishTableViewCell.m in Sources */ = {isa = PBXBuildFile; fileRef = 1B671B241C09FF1B00E009B8 /* FishTableViewCell.m */; };
		1B671B281C0A010500E009B8 /* FishSpeciesTableHeaderView.m in Sources */ = {isa = PBXBuildFile; fileRef = 1B671B271C0A010500E009B8 /* FishSpeciesTableHeaderView.m */; };
		1B671B2C1C0A015C00E009B8 /* FishSpeciesTableHeaderContentView.xib in Resources */ = {isa = PBXBuildFile; fileRef = 1B671B2B1C0A015C00E009B8 /* FishSpeciesTableHeaderContentView.xib */; };
		1B671B2F1C0A0D7000E009B8 /* AddFishSpeciesViewController.m in Sources */ = {isa = PBXBuildFile; fileRef = 1B671B2E1C0A0D7000E009B8 /* AddFishSpeciesViewController.m */; };
		1B671B311C0A0E1D00E009B8 /* AddFishSpeciesView.xib in Resources */ = {isa = PBXBuildFile; fileRef = 1B671B301C0A0E1D00E009B8 /* AddFishSpeciesView.xib */; };
		1B671B341C0A352C00E009B8 /* WorldTableHeaderView.m in Sources */ = {isa = PBXBuildFile; fileRef = 1B671B331C0A352C00E009B8 /* WorldTableHeaderView.m */; };
		1B671B361C0A35B200E009B8 /* WorldTableHeaderView.xib in Resources */ = {isa = PBXBuildFile; fileRef = 1B671B351C0A35B200E009B8 /* WorldTableHeaderView.xib */; };
		1B781CC01C08B96100F568B9 /* Clock.m in Sources */ = {isa = PBXBuildFile; fileRef = 1B781CBF1C08B96100F568B9 /* Clock.m */; };
		1BA2B7AC1C0AAA6A00F3E591 /* RandomNumberHelper.m in Sources */ = {isa = PBXBuildFile; fileRef = 1BA2B7AB1C0AAA6A00F3E591 /* RandomNumberHelper.m */; };
		1BA2B7AF1C0ADC2300F3E591 /* Feeder.m in Sources */ = {isa = PBXBuildFile; fileRef = 1BA2B7AE1C0ADC2300F3E591 /* Feeder.m */; };
/* End PBXBuildFile section */

/* Begin PBXFileReference section */
		1B203EBA1C0758D500219E87 /* Lake.h */ = {isa = PBXFileReference; fileEncoding = 4; lastKnownFileType = sourcecode.c.h; path = Lake.h; sourceTree = "<group>"; };
		1B203EBB1C0758D500219E87 /* Lake.m */ = {isa = PBXFileReference; fileEncoding = 4; lastKnownFileType = sourcecode.c.objc; path = Lake.m; sourceTree = "<group>"; };
		1B203EBD1C0758E200219E87 /* World.h */ = {isa = PBXFileReference; fileEncoding = 4; lastKnownFileType = sourcecode.c.h; path = World.h; sourceTree = "<group>"; };
		1B203EBE1C0758E200219E87 /* World.m */ = {isa = PBXFileReference; fileEncoding = 4; lastKnownFileType = sourcecode.c.objc; path = World.m; sourceTree = "<group>"; };
		1B203EC01C07591600219E87 /* Feeder.h */ = {isa = PBXFileReference; lastKnownFileType = sourcecode.c.h; path = Feeder.h; sourceTree = "<group>"; };
		1B203EC11C07594600219E87 /* Farmer.h */ = {isa = PBXFileReference; fileEncoding = 4; lastKnownFileType = sourcecode.c.h; path = Farmer.h; sourceTree = "<group>"; };
		1B203EC21C07594600219E87 /* Farmer.m */ = {isa = PBXFileReference; fileEncoding = 4; lastKnownFileType = sourcecode.c.objc; path = Farmer.m; sourceTree = "<group>"; };
		1B203EC41C07595800219E87 /* Robot.h */ = {isa = PBXFileReference; fileEncoding = 4; lastKnownFileType = sourcecode.c.h; path = Robot.h; sourceTree = "<group>"; };
		1B203EC51C07595800219E87 /* Robot.m */ = {isa = PBXFileReference; fileEncoding = 4; lastKnownFileType = sourcecode.c.objc; path = Robot.m; sourceTree = "<group>"; };
		1B203EC71C0760EB00219E87 /* FoodPackage.h */ = {isa = PBXFileReference; fileEncoding = 4; lastKnownFileType = sourcecode.c.h; path = FoodPackage.h; sourceTree = "<group>"; };
		1B203EC81C0760EB00219E87 /* FoodPackage.m */ = {isa = PBXFileReference; fileEncoding = 4; lastKnownFileType = sourcecode.c.objc; path = FoodPackage.m; sourceTree = "<group>"; };
		1B460D891C0606E0002251C9 /* Fish.h */ = {isa = PBXFileReference; fileEncoding = 4; lastKnownFileType = sourcecode.c.h; path = Fish.h; sourceTree = "<group>"; };
		1B460D8A1C0606E0002251C9 /* Fish.m */ = {isa = PBXFileReference; fileEncoding = 4; lastKnownFileType = sourcecode.c.objc; path = Fish.m; sourceTree = "<group>"; };
		1B657C361C05E78D00C1A64B /* Fish.app */ = {isa = PBXFileReference; explicitFileType = wrapper.application; includeInIndex = 0; path = Fish.app; sourceTree = BUILT_PRODUCTS_DIR; };
		1B657C3A1C05E78D00C1A64B /* main.m */ = {isa = PBXFileReference; lastKnownFileType = sourcecode.c.objc; path = main.m; sourceTree = "<group>"; };
		1B657C3C1C05E78D00C1A64B /* AppDelegate.h */ = {isa = PBXFileReference; lastKnownFileType = sourcecode.c.h; path = AppDelegate.h; sourceTree = "<group>"; };
		1B657C3D1C05E78D00C1A64B /* AppDelegate.m */ = {isa = PBXFileReference; lastKnownFileType = sourcecode.c.objc; path = AppDelegate.m; sourceTree = "<group>"; };
		1B657C451C05E78E00C1A64B /* Assets.xcassets */ = {isa = PBXFileReference; lastKnownFileType = folder.assetcatalog; path = Assets.xcassets; sourceTree = "<group>"; };
		1B657C481C05E78E00C1A64B /* Base */ = {isa = PBXFileReference; lastKnownFileType = file.storyboard; name = Base; path = Base.lproj/LaunchScreen.storyboard; sourceTree = "<group>"; };
		1B657C4A1C05E78E00C1A64B /* Info.plist */ = {isa = PBXFileReference; lastKnownFileType = text.plist.xml; path = Info.plist; sourceTree = "<group>"; };
		1B657C501C05E8B000C1A64B /* .gitignore */ = {isa = PBXFileReference; fileEncoding = 4; lastKnownFileType = text; path = .gitignore; sourceTree = "<group>"; };
		1B657C5B1C06000000C1A64B /* FishSpecies.h */ = {isa = PBXFileReference; fileEncoding = 4; lastKnownFileType = sourcecode.c.h; path = FishSpecies.h; sourceTree = "<group>"; };
		1B657C5C1C06000000C1A64B /* FishSpecies.m */ = {isa = PBXFileReference; fileEncoding = 4; lastKnownFileType = sourcecode.c.objc; path = FishSpecies.m; sourceTree = "<group>"; };
		1B671B181C099B0300E009B8 /* WorldViewController.h */ = {isa = PBXFileReference; fileEncoding = 4; lastKnownFileType = sourcecode.c.h; path = WorldViewController.h; sourceTree = "<group>"; };
		1B671B191C099B0300E009B8 /* WorldViewController.m */ = {isa = PBXFileReference; fileEncoding = 4; lastKnownFileType = sourcecode.c.objc; path = WorldViewController.m; sourceTree = "<group>"; };
		1B671B231C09FF1B00E009B8 /* FishTableViewCell.h */ = {isa = PBXFileReference; fileEncoding = 4; lastKnownFileType = sourcecode.c.h; path = FishTableViewCell.h; sourceTree = "<group>"; };
		1B671B241C09FF1B00E009B8 /* FishTableViewCell.m */ = {isa = PBXFileReference; fileEncoding = 4; lastKnownFileType = sourcecode.c.objc; path = FishTableViewCell.m; sourceTree = "<group>"; };
		1B671B261C0A010500E009B8 /* FishSpeciesTableHeaderView.h */ = {isa = PBXFileReference; fileEncoding = 4; lastKnownFileType = sourcecode.c.h; path = FishSpeciesTableHeaderView.h; sourceTree = "<group>"; };
		1B671B271C0A010500E009B8 /* FishSpeciesTableHeaderView.m */ = {isa = PBXFileReference; fileEncoding = 4; lastKnownFileType = sourcecode.c.objc; path = FishSpeciesTableHeaderView.m; sourceTree = "<group>"; };
		1B671B2B1C0A015C00E009B8 /* FishSpeciesTableHeaderContentView.xib */ = {isa = PBXFileReference; fileEncoding = 4; lastKnownFileType = file.xib; path = FishSpeciesTableHeaderContentView.xib; sourceTree = "<group>"; };
		1B671B2D1C0A0D7000E009B8 /* AddFishSpeciesViewController.h */ = {isa = PBXFileReference; fileEncoding = 4; lastKnownFileType = sourcecode.c.h; path = AddFishSpeciesViewController.h; sourceTree = "<group>"; };
		1B671B2E1C0A0D7000E009B8 /* AddFishSpeciesViewController.m */ = {isa = PBXFileReference; fileEncoding = 4; lastKnownFileType = sourcecode.c.objc; path = AddFishSpeciesViewController.m; sourceTree = "<group>"; };
		1B671B301C0A0E1D00E009B8 /* AddFishSpeciesView.xib */ = {isa = PBXFileReference; fileEncoding = 4; lastKnownFileType = file.xib; path = AddFishSpeciesView.xib; sourceTree = "<group>"; };
		1B671B321C0A352C00E009B8 /* WorldTableHeaderView.h */ = {isa = PBXFileReference; fileEncoding = 4; lastKnownFileType = sourcecode.c.h; path = WorldTableHeaderView.h; sourceTree = "<group>"; };
		1B671B331C0A352C00E009B8 /* WorldTableHeaderView.m */ = {isa = PBXFileReference; fileEncoding = 4; lastKnownFileType = sourcecode.c.objc; path = WorldTableHeaderView.m; sourceTree = "<group>"; };
		1B671B351C0A35B200E009B8 /* WorldTableHeaderView.xib */ = {isa = PBXFileReference; fileEncoding = 4; lastKnownFileType = file.xib; path = WorldTableHeaderView.xib; sourceTree = "<group>"; };
		1B781CBE1C08B96100F568B9 /* Clock.h */ = {isa = PBXFileReference; fileEncoding = 4; lastKnownFileType = sourcecode.c.h; path = Clock.h; sourceTree = "<group>"; };
		1B781CBF1C08B96100F568B9 /* Clock.m */ = {isa = PBXFileReference; fileEncoding = 4; lastKnownFileType = sourcecode.c.objc; path = Clock.m; sourceTree = "<group>"; };
		1BA2B7AA1C0AAA6A00F3E591 /* RandomNumberHelper.h */ = {isa = PBXFileReference; fileEncoding = 4; lastKnownFileType = sourcecode.c.h; path = RandomNumberHelper.h; sourceTree = "<group>"; };
		1BA2B7AB1C0AAA6A00F3E591 /* RandomNumberHelper.m */ = {isa = PBXFileReference; fileEncoding = 4; lastKnownFileType = sourcecode.c.objc; path = RandomNumberHelper.m; sourceTree = "<group>"; };
		1BA2B7AE1C0ADC2300F3E591 /* Feeder.m */ = {isa = PBXFileReference; fileEncoding = 4; lastKnownFileType = sourcecode.c.objc; path = Feeder.m; sourceTree = "<group>"; };
/* End PBXFileReference section */

/* Begin PBXFrameworksBuildPhase section */
		1B657C331C05E78D00C1A64B /* Frameworks */ = {
			isa = PBXFrameworksBuildPhase;
			buildActionMask = 2147483647;
			files = (
			);
			runOnlyForDeploymentPostprocessing = 0;
		};
/* End PBXFrameworksBuildPhase section */

/* Begin PBXGroup section */
		1B657C2D1C05E78D00C1A64B = {
			isa = PBXGroup;
			children = (
				1B657C381C05E78D00C1A64B /* Fish */,
				1B657C371C05E78D00C1A64B /* Products */,
				1B657C501C05E8B000C1A64B /* .gitignore */,
			);
			sourceTree = "<group>";
		};
		1B657C371C05E78D00C1A64B /* Products */ = {
			isa = PBXGroup;
			children = (
				1B657C361C05E78D00C1A64B /* Fish.app */,
			);
			name = Products;
			sourceTree = "<group>";
		};
		1B657C381C05E78D00C1A64B /* Fish */ = {
			isa = PBXGroup;
			children = (
				1BA2B7A91C0AAA5200F3E591 /* Helpers */,
				1B671B221C09FEFC00E009B8 /* Views */,
				1B671B171C099AD300E009B8 /* Controllers */,
				1B657C5A1C05FFAF00C1A64B /* Models */,
				1B657C3C1C05E78D00C1A64B /* AppDelegate.h */,
				1B657C3D1C05E78D00C1A64B /* AppDelegate.m */,
				1B657C451C05E78E00C1A64B /* Assets.xcassets */,
				1B657C471C05E78E00C1A64B /* LaunchScreen.storyboard */,
				1B657C4A1C05E78E00C1A64B /* Info.plist */,
				1B657C391C05E78D00C1A64B /* Supporting Files */,
			);
			path = Fish;
			sourceTree = "<group>";
		};
		1B657C391C05E78D00C1A64B /* Supporting Files */ = {
			isa = PBXGroup;
			children = (
				1B657C3A1C05E78D00C1A64B /* main.m */,
			);
			name = "Supporting Files";
			sourceTree = "<group>";
		};
		1B657C5A1C05FFAF00C1A64B /* Models */ = {
			isa = PBXGroup;
			children = (
				1B657C5B1C06000000C1A64B /* FishSpecies.h */,
				1B657C5C1C06000000C1A64B /* FishSpecies.m */,
				1B460D891C0606E0002251C9 /* Fish.h */,
				1B460D8A1C0606E0002251C9 /* Fish.m */,
				1B203EBA1C0758D500219E87 /* Lake.h */,
				1B203EBB1C0758D500219E87 /* Lake.m */,
				1B203EBD1C0758E200219E87 /* World.h */,
				1B203EBE1C0758E200219E87 /* World.m */,
				1B203EC71C0760EB00219E87 /* FoodPackage.h */,
				1B203EC81C0760EB00219E87 /* FoodPackage.m */,
				1B203EC01C07591600219E87 /* Feeder.h */,
				1BA2B7AE1C0ADC2300F3E591 /* Feeder.m */,
				1B203EC11C07594600219E87 /* Farmer.h */,
				1B203EC21C07594600219E87 /* Farmer.m */,
				1B203EC41C07595800219E87 /* Robot.h */,
				1B203EC51C07595800219E87 /* Robot.m */,
				1B781CBE1C08B96100F568B9 /* Clock.h */,
				1B781CBF1C08B96100F568B9 /* Clock.m */,
			);
			name = Models;
			sourceTree = "<group>";
		};
		1B671B171C099AD300E009B8 /* Controllers */ = {
			isa = PBXGroup;
			children = (
				1B671B181C099B0300E009B8 /* WorldViewController.h */,
				1B671B191C099B0300E009B8 /* WorldViewController.m */,
				1B671B2D1C0A0D7000E009B8 /* AddFishSpeciesViewController.h */,
				1B671B2E1C0A0D7000E009B8 /* AddFishSpeciesViewController.m */,
			);
			name = Controllers;
			sourceTree = "<group>";
		};
		1B671B221C09FEFC00E009B8 /* Views */ = {
			isa = PBXGroup;
			children = (
				1B671B2A1C0A015000E009B8 /* Xibs */,
				1B671B231C09FF1B00E009B8 /* FishTableViewCell.h */,
				1B671B241C09FF1B00E009B8 /* FishTableViewCell.m */,
				1B671B261C0A010500E009B8 /* FishSpeciesTableHeaderView.h */,
				1B671B271C0A010500E009B8 /* FishSpeciesTableHeaderView.m */,
				1B671B321C0A352C00E009B8 /* WorldTableHeaderView.h */,
				1B671B331C0A352C00E009B8 /* WorldTableHeaderView.m */,
			);
			name = Views;
			sourceTree = "<group>";
		};
		1B671B2A1C0A015000E009B8 /* Xibs */ = {
			isa = PBXGroup;
			children = (
				1B671B2B1C0A015C00E009B8 /* FishSpeciesTableHeaderContentView.xib */,
				1B671B301C0A0E1D00E009B8 /* AddFishSpeciesView.xib */,
				1B671B351C0A35B200E009B8 /* WorldTableHeaderView.xib */,
			);
			name = Xibs;
			sourceTree = "<group>";
		};
		1BA2B7A91C0AAA5200F3E591 /* Helpers */ = {
			isa = PBXGroup;
			children = (
				1BA2B7AA1C0AAA6A00F3E591 /* RandomNumberHelper.h */,
				1BA2B7AB1C0AAA6A00F3E591 /* RandomNumberHelper.m */,
			);
			name = Helpers;
			sourceTree = "<group>";
		};
/* End PBXGroup section */

/* Begin PBXNativeTarget section */
		1B657C351C05E78D00C1A64B /* Fish */ = {
			isa = PBXNativeTarget;
			buildConfigurationList = 1B657C4D1C05E78E00C1A64B /* Build configuration list for PBXNativeTarget "Fish" */;
			buildPhases = (
				1B657C321C05E78D00C1A64B /* Sources */,
				1B657C331C05E78D00C1A64B /* Frameworks */,
				1B657C341C05E78D00C1A64B /* Resources */,
			);
			buildRules = (
			);
			dependencies = (
			);
			name = Fish;
			productName = Fish;
			productReference = 1B657C361C05E78D00C1A64B /* Fish.app */;
			productType = "com.apple.product-type.application";
		};
/* End PBXNativeTarget section */

/* Begin PBXProject section */
		1B657C2E1C05E78D00C1A64B /* Project object */ = {
			isa = PBXProject;
			attributes = {
				LastUpgradeCheck = 0710;
				ORGANIZATIONNAME = "Thanh Pham";
				TargetAttributes = {
					1B657C351C05E78D00C1A64B = {
						CreatedOnToolsVersion = 7.1.1;
					};
				};
			};
			buildConfigurationList = 1B657C311C05E78D00C1A64B /* Build configuration list for PBXProject "Fish" */;
			compatibilityVersion = "Xcode 3.2";
			developmentRegion = English;
			hasScannedForEncodings = 0;
			knownRegions = (
				en,
				Base,
			);
			mainGroup = 1B657C2D1C05E78D00C1A64B;
			productRefGroup = 1B657C371C05E78D00C1A64B /* Products */;
			projectDirPath = "";
			projectRoot = "";
			targets = (
				1B657C351C05E78D00C1A64B /* Fish */,
			);
		};
/* End PBXProject section */

/* Begin PBXResourcesBuildPhase section */
		1B657C341C05E78D00C1A64B /* Resources */ = {
			isa = PBXResourcesBuildPhase;
			buildActionMask = 2147483647;
			files = (
				1B671B2C1C0A015C00E009B8 /* FishSpeciesTableHeaderContentView.xib in Resources */,
				1B657C511C05E8B000C1A64B /* .gitignore in Resources */,
				1B657C491C05E78E00C1A64B /* LaunchScreen.storyboard in Resources */,
				1B657C461C05E78E00C1A64B /* Assets.xcassets in Resources */,
				1B671B311C0A0E1D00E009B8 /* AddFishSpeciesView.xib in Resources */,
				1B671B361C0A35B200E009B8 /* WorldTableHeaderView.xib in Resources */,
			);
			runOnlyForDeploymentPostprocessing = 0;
		};
/* End PBXResourcesBuildPhase section */

/* Begin PBXSourcesBuildPhase section */
		1B657C321C05E78D00C1A64B /* Sources */ = {
			isa = PBXSourcesBuildPhase;
			buildActionMask = 2147483647;
			files = (
				1B781CC01C08B96100F568B9 /* Clock.m in Sources */,
				1B203EC31C07594600219E87 /* Farmer.m in Sources */,
				1B203EBC1C0758D500219E87 /* Lake.m in Sources */,
				1B203EBF1C0758E200219E87 /* World.m in Sources */,
				1B460D8B1C0606E0002251C9 /* Fish.m in Sources */,
				1B203EC91C0760EB00219E87 /* FoodPackage.m in Sources */,
				1BA2B7AF1C0ADC2300F3E591 /* Feeder.m in Sources */,
				1B657C3E1C05E78D00C1A64B /* AppDelegate.m in Sources */,
				1B671B251C09FF1B00E009B8 /* FishTableViewCell.m in Sources */,
				1B671B281C0A010500E009B8 /* FishSpeciesTableHeaderView.m in Sources */,
				1BA2B7AC1C0AAA6A00F3E591 /* RandomNumberHelper.m in Sources */,
				1B671B341C0A352C00E009B8 /* WorldTableHeaderView.m in Sources */,
				1B203EC61C07595800219E87 /* Robot.m in Sources */,
				1B657C5D1C06000000C1A64B /* FishSpecies.m in Sources */,
				1B671B2F1C0A0D7000E009B8 /* AddFishSpeciesViewController.m in Sources */,
				1B657C3B1C05E78D00C1A64B /* main.m in Sources */,
				1B671B1A1C099B0300E009B8 /* WorldViewController.m in Sources */,
			);
			runOnlyForDeploymentPostprocessing = 0;
		};
/* End PBXSourcesBuildPhase section */

/* Begin PBXVariantGroup section */
		1B657C471C05E78E00C1A64B /* LaunchScreen.storyboard */ = {
			isa = PBXVariantGroup;
			children = (
				1B657C481C05E78E00C1A64B /* Base */,
			);
			name = LaunchScreen.storyboard;
			sourceTree = "<group>";
		};
/* End PBXVariantGroup section */

/* Begin XCBuildConfiguration section */
		1B657C4B1C05E78E00C1A64B /* Debug */ = {
			isa = XCBuildConfiguration;
			buildSettings = {
				ALWAYS_SEARCH_USER_PATHS = NO;
				CLANG_CXX_LANGUAGE_STANDARD = "gnu++0x";
				CLANG_CXX_LIBRARY = "libc++";
				CLANG_ENABLE_MODULES = YES;
				CLANG_ENABLE_OBJC_ARC = YES;
				CLANG_WARN_BOOL_CONVERSION = YES;
				CLANG_WARN_CONSTANT_CONVERSION = YES;
				CLANG_WARN_DIRECT_OBJC_ISA_USAGE = YES_ERROR;
				CLANG_WARN_EMPTY_BODY = YES;
				CLANG_WARN_ENUM_CONVERSION = YES;
				CLANG_WARN_INT_CONVERSION = YES;
				CLANG_WARN_OBJC_ROOT_CLASS = YES_ERROR;
				CLANG_WARN_UNREACHABLE_CODE = YES;
				CLANG_WARN__DUPLICATE_METHOD_MATCH = YES;
				"CODE_SIGN_IDENTITY[sdk=iphoneos*]" = "iPhone Developer";
				COPY_PHASE_STRIP = NO;
				DEBUG_INFORMATION_FORMAT = dwarf;
				ENABLE_STRICT_OBJC_MSGSEND = YES;
				ENABLE_TESTABILITY = YES;
				GCC_C_LANGUAGE_STANDARD = gnu99;
				GCC_DYNAMIC_NO_PIC = NO;
				GCC_NO_COMMON_BLOCKS = YES;
				GCC_OPTIMIZATION_LEVEL = 0;
				GCC_PREPROCESSOR_DEFINITIONS = (
					"DEBUG=1",
					"$(inherited)",
				);
				GCC_WARN_64_TO_32_BIT_CONVERSION = YES;
				GCC_WARN_ABOUT_RETURN_TYPE = YES_ERROR;
				GCC_WARN_UNDECLARED_SELECTOR = YES;
				GCC_WARN_UNINITIALIZED_AUTOS = YES_AGGRESSIVE;
				GCC_WARN_UNUSED_FUNCTION = YES;
				GCC_WARN_UNUSED_VARIABLE = YES;
				IPHONEOS_DEPLOYMENT_TARGET = 9.1;
				MTL_ENABLE_DEBUG_INFO = YES;
				ONLY_ACTIVE_ARCH = YES;
				SDKROOT = iphoneos;
			};
			name = Debug;
		};
		1B657C4C1C05E78E00C1A64B /* Release */ = {
			isa = XCBuildConfiguration;
			buildSettings = {
				ALWAYS_SEARCH_USER_PATHS = NO;
				CLANG_CXX_LANGUAGE_STANDARD = "gnu++0x";
				CLANG_CXX_LIBRARY = "libc++";
				CLANG_ENABLE_MODULES = YES;
				CLANG_ENABLE_OBJC_ARC = YES;
				CLANG_WARN_BOOL_CONVERSION = YES;
				CLANG_WARN_CONSTANT_CONVERSION = YES;
				CLANG_WARN_DIRECT_OBJC_ISA_USAGE = YES_ERROR;
				CLANG_WARN_EMPTY_BODY = YES;
				CLANG_WARN_ENUM_CONVERSION = YES;
				CLANG_WARN_INT_CONVERSION = YES;
				CLANG_WARN_OBJC_ROOT_CLASS = YES_ERROR;
				CLANG_WARN_UNREACHABLE_CODE = YES;
				CLANG_WARN__DUPLICATE_METHOD_MATCH = YES;
				"CODE_SIGN_IDENTITY[sdk=iphoneos*]" = "iPhone Developer";
				COPY_PHASE_STRIP = NO;
				DEBUG_INFORMATION_FORMAT = "dwarf-with-dsym";
				ENABLE_NS_ASSERTIONS = NO;
				ENABLE_STRICT_OBJC_MSGSEND = YES;
				GCC_C_LANGUAGE_STANDARD = gnu99;
				GCC_NO_COMMON_BLOCKS = YES;
				GCC_WARN_64_TO_32_BIT_CONVERSION = YES;
				GCC_WARN_ABOUT_RETURN_TYPE = YES_ERROR;
				GCC_WARN_UNDECLARED_SELECTOR = YES;
				GCC_WARN_UNINITIALIZED_AUTOS = YES_AGGRESSIVE;
				GCC_WARN_UNUSED_FUNCTION = YES;
				GCC_WARN_UNUSED_VARIABLE = YES;
				IPHONEOS_DEPLOYMENT_TARGET = 9.1;
				MTL_ENABLE_DEBUG_INFO = NO;
				SDKROOT = iphoneos;
				VALIDATE_PRODUCT = YES;
			};
			name = Release;
		};
		1B657C4E1C05E78E00C1A64B /* Debug */ = {
			isa = XCBuildConfiguration;
			buildSettings = {
				ASSETCATALOG_COMPILER_APPICON_NAME = AppIcon;
				INFOPLIST_FILE = Fish/Info.plist;
				LD_RUNPATH_SEARCH_PATHS = "$(inherited) @executable_path/Frameworks";
				PRODUCT_BUNDLE_IDENTIFIER = TPM.Fish;
				PRODUCT_NAME = "$(TARGET_NAME)";
				TARGETED_DEVICE_FAMILY = "1,2";
			};
			name = Debug;
		};
		1B657C4F1C05E78E00C1A64B /* Release */ = {
			isa = XCBuildConfiguration;
			buildSettings = {
				ASSETCATALOG_COMPILER_APPICON_NAME = AppIcon;
				INFOPLIST_FILE = Fish/Info.plist;
				LD_RUNPATH_SEARCH_PATHS = "$(inherited) @executable_path/Frameworks";
				PRODUCT_BUNDLE_IDENTIFIER = TPM.Fish;
				PRODUCT_NAME = "$(TARGET_NAME)";
				TARGETED_DEVICE_FAMILY = "1,2";
			};
			name = Release;
		};
/* End XCBuildConfiguration section */

/* Begin XCConfigurationList section */
		1B657C311C05E78D00C1A64B /* Build configuration list for PBXProject "Fish" */ = {
			isa = XCConfigurationList;
			buildConfigurations = (
				1B657C4B1C05E78E00C1A64B /* Debug */,
				1B657C4C1C05E78E00C1A64B /* Release */,
			);
			defaultConfigurationIsVisible = 0;
			defaultConfigurationName = Release;
		};
		1B657C4D1C05E78E00C1A64B /* Build configuration list for PBXNativeTarget "Fish" */ = {
			isa = XCConfigurationList;
			buildConfigurations = (
				1B657C4E1C05E78E00C1A64B /* Debug */,
				1B657C4F1C05E78E00C1A64B /* Release */,
			);
			defaultConfigurationIsVisible = 0;
			defaultConfigurationName = Release;
		};
/* End XCConfigurationList section */
	};
	rootObject = 1B657C2E1C05E78D00C1A64B /* Project object */;
}
